
Microsoft Visual Studio Solution File, Format Version 12.00
# Visual Studio Version 17
VisualStudioVersion = 17.6.33829.357
MinimumVisualStudioVersion = 10.0.40219.1
Project("{FAE04EC0-301F-11D3-BF4B-00C04F79EFBC}") = "GroupRun", "GroupRun\GroupRun.csproj", "{B1F6ED18-FFC9-4A99-9947-D0C27FE77DB1}"
EndProject
Global
	GlobalSection(SolutionConfigurationPlatforms) = preSolution
		Debug|Any CPU = Debug|Any CPU
		Release|Any CPU = Release|Any CPU
	EndGlobalSection
	GlobalSection(ProjectConfigurationPlatforms) = postSolution
		{B1F6ED18-FFC9-4A99-9947-D0C27FE77DB1}.Debug|Any CPU.ActiveCfg = Debug|Any CPU
		{B1F6ED18-FFC9-4A99-9947-D0C27FE77DB1}.Debug|Any CPU.Build.0 = Debug|Any CPU
		{B1F6ED18-FFC9-4A99-9947-D0C27FE77DB1}.Release|Any CPU.ActiveCfg = Release|Any CPU
		{B1F6ED18-FFC9-4A99-9947-D0C27FE77DB1}.Release|Any CPU.Build.0 = Release|Any CPU
	EndGlobalSection
	GlobalSection(SolutionProperties) = preSolution
		HideSolutionNode = FALSE
	EndGlobalSection
	GlobalSection(ExtensibilityGlobals) = postSolution
		SolutionGuid = {8DABA866-E8D4-46D1-A588-B23C33611A52}
	EndGlobalSection
EndGlobal
